{
  "name": "arangoreal",
  "version": "4.0.2",
  "lockfileVersion": 1,
  "requires": true,
  "dependencies": {
    "lodash.isstring": {
      "version": "4.0.1",
      "resolved": "https://registry.npmjs.org/lodash.isstring/-/lodash.isstring-4.0.1.tgz",
      "integrity": "sha1-1SfftUVuynzJu5XV2ur4i6VKVFE="
    },
    "request-easy": {
      "version": "2.0.2",
      "resolved": "https://registry.npmjs.org/request-easy/-/request-easy-2.0.2.tgz",
      "integrity": "sha1-gC4NDP0vJOASSPmJk1/SpKGbBPY="
    }
  }
}
